// !$*UTF8*$!
{
	archiveVersion = 1;
	classes = {
	};
	objectVersion = 50;
	objects = {

/* Begin PBXBuildFile section */
		695BAB32244AB50A00518DD6 /* AppDelegate.m in Sources */ = {isa = PBXBuildFile; fileRef = 695BAB31244AB50A00518DD6 /* AppDelegate.m */; };
		695BAB35244AB50A00518DD6 /* SceneDelegate.m in Sources */ = {isa = PBXBuildFile; fileRef = 695BAB34244AB50A00518DD6 /* SceneDelegate.m */; };
		695BAB38244AB50B00518DD6 /* ViewController.m in Sources */ = {isa = PBXBuildFile; fileRef = 695BAB37244AB50B00518DD6 /* ViewController.m */; };
		695BAB3B244AB50B00518DD6 /* Main.storyboard in Resources */ = {isa = PBXBuildFile; fileRef = 695BAB39244AB50B00518DD6 /* Main.storyboard */; };
		695BAB3D244AB50E00518DD6 /* Assets.xcassets in Resources */ = {isa = PBXBuildFile; fileRef = 695BAB3C244AB50E00518DD6 /* Assets.xcassets */; };
		695BAB40244AB50E00518DD6 /* LaunchScreen.storyboard in Resources */ = {isa = PBXBuildFile; fileRef = 695BAB3E244AB50E00518DD6 /* LaunchScreen.storyboard */; };
		695BAB43244AB50E00518DD6 /* main.m in Sources */ = {isa = PBXBuildFile; fileRef = 695BAB42244AB50E00518DD6 /* main.m */; };
		695BAB79244C530500518DD6 /* main.m in Sources */ = {isa = PBXBuildFile; fileRef = 695BAB78244C530500518DD6 /* main.m */; };
		69E531E12459299000C5F2C6 /* RowView.xib in Resources */ = {isa = PBXBuildFile; fileRef = 69E531E02459299000C5F2C6 /* RowView.xib */; };
		69E531EE245A62FE00C5F2C6 /* CommRowView.m in Sources */ = {isa = PBXBuildFile; fileRef = 69E531EB245A62FE00C5F2C6 /* CommRowView.m */; };
		69E531EF245A62FE00C5F2C6 /* CommRowView.xib in Resources */ = {isa = PBXBuildFile; fileRef = 69E531ED245A62FE00C5F2C6 /* CommRowView.xib */; };
		69E531F2245ADB5900C5F2C6 /* testViewController.m in Sources */ = {isa = PBXBuildFile; fileRef = 69E531F1245ADB5900C5F2C6 /* testViewController.m */; };
/* End PBXBuildFile section */

/* Begin PBXCopyFilesBuildPhase section */
		695BAB74244C530500518DD6 /* CopyFiles */ = {
			isa = PBXCopyFilesBuildPhase;
			buildActionMask = 2147483647;
			dstPath = /usr/share/man/man1/;
			dstSubfolderSpec = 0;
			files = (
			);
			runOnlyForDeploymentPostprocessing = 1;
		};
/* End PBXCopyFilesBuildPhase section */

/* Begin PBXFileReference section */
		695BAB2D244AB50A00518DD6 /* OC-Progress.app */ = {isa = PBXFileReference; explicitFileType = wrapper.application; includeInIndex = 0; path = "OC-Progress.app"; sourceTree = BUILT_PRODUCTS_DIR; };
		695BAB30244AB50A00518DD6 /* AppDelegate.h */ = {isa = PBXFileReference; lastKnownFileType = sourcecode.c.h; path = AppDelegate.h; sourceTree = "<group>"; };
		695BAB31244AB50A00518DD6 /* AppDelegate.m */ = {isa = PBXFileReference; lastKnownFileType = sourcecode.c.objc; path = AppDelegate.m; sourceTree = "<group>"; };
		695BAB33244AB50A00518DD6 /* SceneDelegate.h */ = {isa = PBXFileReference; lastKnownFileType = sourcecode.c.h; path = SceneDelegate.h; sourceTree = "<group>"; };
		695BAB34244AB50A00518DD6 /* SceneDelegate.m */ = {isa = PBXFileReference; lastKnownFileType = sourcecode.c.objc; path = SceneDelegate.m; sourceTree = "<group>"; };
		695BAB36244AB50B00518DD6 /* ViewController.h */ = {isa = PBXFileReference; lastKnownFileType = sourcecode.c.h; path = ViewController.h; sourceTree = "<group>"; };
		695BAB37244AB50B00518DD6 /* ViewController.m */ = {isa = PBXFileReference; lastKnownFileType = sourcecode.c.objc; path = ViewController.m; sourceTree = "<group>"; };
		695BAB3A244AB50B00518DD6 /* Base */ = {isa = PBXFileReference; lastKnownFileType = file.storyboard; name = Base; path = Base.lproj/Main.storyboard; sourceTree = "<group>"; };
		695BAB3C244AB50E00518DD6 /* Assets.xcassets */ = {isa = PBXFileReference; lastKnownFileType = folder.assetcatalog; path = Assets.xcassets; sourceTree = "<group>"; };
		695BAB3F244AB50E00518DD6 /* Base */ = {isa = PBXFileReference; lastKnownFileType = file.storyboard; name = Base; path = Base.lproj/LaunchScreen.storyboard; sourceTree = "<group>"; };
		695BAB41244AB50E00518DD6 /* Info.plist */ = {isa = PBXFileReference; lastKnownFileType = text.plist.xml; path = Info.plist; sourceTree = "<group>"; };
		695BAB42244AB50E00518DD6 /* main.m */ = {isa = PBXFileReference; lastKnownFileType = sourcecode.c.objc; path = main.m; sourceTree = "<group>"; };
		695BAB76244C530500518DD6 /* ForTest */ = {isa = PBXFileReference; explicitFileType = "compiled.mach-o.executable"; includeInIndex = 0; path = ForTest; sourceTree = BUILT_PRODUCTS_DIR; };
		695BAB78244C530500518DD6 /* main.m */ = {isa = PBXFileReference; lastKnownFileType = sourcecode.c.objc; path = main.m; sourceTree = "<group>"; };
		69E531E02459299000C5F2C6 /* RowView.xib */ = {isa = PBXFileReference; lastKnownFileType = file.xib; path = RowView.xib; sourceTree = "<group>"; };
		69E531EB245A62FE00C5F2C6 /* CommRowView.m */ = {isa = PBXFileReference; fileEncoding = 4; lastKnownFileType = sourcecode.c.objc; path = CommRowView.m; sourceTree = "<group>"; };
		69E531EC245A62FE00C5F2C6 /* CommRowView.h */ = {isa = PBXFileReference; fileEncoding = 4; lastKnownFileType = sourcecode.c.h; path = CommRowView.h; sourceTree = "<group>"; };
		69E531ED245A62FE00C5F2C6 /* CommRowView.xib */ = {isa = PBXFileReference; fileEncoding = 4; lastKnownFileType = file.xib; path = CommRowView.xib; sourceTree = "<group>"; };
		69E531F0245ADB5900C5F2C6 /* testViewController.h */ = {isa = PBXFileReference; lastKnownFileType = sourcecode.c.h; path = testViewController.h; sourceTree = "<group>"; };
		69E531F1245ADB5900C5F2C6 /* testViewController.m */ = {isa = PBXFileReference; lastKnownFileType = sourcecode.c.objc; path = testViewController.m; sourceTree = "<group>"; };
/* End PBXFileReference section */

/* Begin PBXFrameworksBuildPhase section */
		695BAB2A244AB50A00518DD6 /* Frameworks */ = {
			isa = PBXFrameworksBuildPhase;
			buildActionMask = 2147483647;
			files = (
			);
			runOnlyForDeploymentPostprocessing = 0;
		};
		695BAB73244C530500518DD6 /* Frameworks */ = {
			isa = PBXFrameworksBuildPhase;
			buildActionMask = 2147483647;
			files = (
			);
			runOnlyForDeploymentPostprocessing = 0;
		};
/* End PBXFrameworksBuildPhase section */

/* Begin PBXGroup section */
		695BAB24244AB50A00518DD6 = {
			isa = PBXGroup;
			children = (
				69E531EA245A62FE00C5F2C6 /* Commen xib */,
				69E531E324592C8500C5F2C6 /* xib files */,
				695BAB2F244AB50A00518DD6 /* OC-Progress */,
				695BAB77244C530500518DD6 /* ForTest */,
				695BAB2E244AB50A00518DD6 /* Products */,
			);
			sourceTree = "<group>";
		};
		695BAB2E244AB50A00518DD6 /* Products */ = {
			isa = PBXGroup;
			children = (
				695BAB2D244AB50A00518DD6 /* OC-Progress.app */,
				695BAB76244C530500518DD6 /* ForTest */,
			);
			name = Products;
			sourceTree = "<group>";
		};
		695BAB2F244AB50A00518DD6 /* OC-Progress */ = {
			isa = PBXGroup;
			children = (
				695BAB30244AB50A00518DD6 /* AppDelegate.h */,
				695BAB31244AB50A00518DD6 /* AppDelegate.m */,
				695BAB33244AB50A00518DD6 /* SceneDelegate.h */,
				695BAB34244AB50A00518DD6 /* SceneDelegate.m */,
				695BAB36244AB50B00518DD6 /* ViewController.h */,
				695BAB37244AB50B00518DD6 /* ViewController.m */,
				695BAB39244AB50B00518DD6 /* Main.storyboard */,
				69E531F0245ADB5900C5F2C6 /* testViewController.h */,
				69E531F1245ADB5900C5F2C6 /* testViewController.m */,
				695BAB3C244AB50E00518DD6 /* Assets.xcassets */,
				695BAB3E244AB50E00518DD6 /* LaunchScreen.storyboard */,
				695BAB41244AB50E00518DD6 /* Info.plist */,
				695BAB42244AB50E00518DD6 /* main.m */,
			);
			path = "OC-Progress";
			sourceTree = "<group>";
		};
		695BAB77244C530500518DD6 /* ForTest */ = {
			isa = PBXGroup;
			children = (
				695BAB78244C530500518DD6 /* main.m */,
			);
			path = ForTest;
			sourceTree = "<group>";
		};
		69E531E324592C8500C5F2C6 /* xib files */ = {
			isa = PBXGroup;
			children = (
				69E531E02459299000C5F2C6 /* RowView.xib */,
			);
			path = "xib files";
			sourceTree = "<group>";
		};
		69E531EA245A62FE00C5F2C6 /* Commen xib */ = {
			isa = PBXGroup;
			children = (
				69E531EC245A62FE00C5F2C6 /* CommRowView.h */,
				69E531EB245A62FE00C5F2C6 /* CommRowView.m */,
				69E531ED245A62FE00C5F2C6 /* CommRowView.xib */,
			);
			path = "Commen xib";
			sourceTree = "<group>";
		};
/* End PBXGroup section */

/* Begin PBXNativeTarget section */
		695BAB2C244AB50A00518DD6 /* OC-Progress */ = {
			isa = PBXNativeTarget;
			buildConfigurationList = 695BAB46244AB50E00518DD6 /* Build configuration list for PBXNativeTarget "OC-Progress" */;
			buildPhases = (
				695BAB29244AB50A00518DD6 /* Sources */,
				695BAB2A244AB50A00518DD6 /* Frameworks */,
				695BAB2B244AB50A00518DD6 /* Resources */,
			);
			buildRules = (
			);
			dependencies = (
			);
			name = "OC-Progress";
			productName = "OC-Progress";
			productReference = 695BAB2D244AB50A00518DD6 /* OC-Progress.app */;
			productType = "com.apple.product-type.application";
		};
		695BAB75244C530500518DD6 /* ForTest */ = {
			isa = PBXNativeTarget;
			buildConfigurationList = 695BAB7C244C530500518DD6 /* Build configuration list for PBXNativeTarget "ForTest" */;
			buildPhases = (
				695BAB72244C530500518DD6 /* Sources */,
				695BAB73244C530500518DD6 /* Frameworks */,
				695BAB74244C530500518DD6 /* CopyFiles */,
			);
			buildRules = (
			);
			dependencies = (
			);
			name = ForTest;
			productName = ForTest;
			productReference = 695BAB76244C530500518DD6 /* ForTest */;
			productType = "com.apple.product-type.tool";
		};
/* End PBXNativeTarget section */

/* Begin PBXProject section */
		695BAB25244AB50A00518DD6 /* Project object */ = {
			isa = PBXProject;
			attributes = {
				LastUpgradeCheck = 1140;
				ORGANIZATIONNAME = "Z CM";
				TargetAttributes = {
					695BAB2C244AB50A00518DD6 = {
						CreatedOnToolsVersion = 11.4;
					};
					695BAB75244C530500518DD6 = {
						CreatedOnToolsVersion = 11.4;
					};
				};
			};
			buildConfigurationList = 695BAB28244AB50A00518DD6 /* Build configuration list for PBXProject "OC-Progress" */;
			compatibilityVersion = "Xcode 9.3";
			developmentRegion = en;
			hasScannedForEncodings = 0;
			knownRegions = (
				en,
				Base,
			);
			mainGroup = 695BAB24244AB50A00518DD6;
			productRefGroup = 695BAB2E244AB50A00518DD6 /* Products */;
			projectDirPath = "";
			projectRoot = "";
			targets = (
				695BAB2C244AB50A00518DD6 /* OC-Progress */,
				695BAB75244C530500518DD6 /* ForTest */,
			);
		};
/* End PBXProject section */

/* Begin PBXResourcesBuildPhase section */
		695BAB2B244AB50A00518DD6 /* Resources */ = {
			isa = PBXResourcesBuildPhase;
			buildActionMask = 2147483647;
			files = (
				695BAB40244AB50E00518DD6 /* LaunchScreen.storyboard in Resources */,
				69E531E12459299000C5F2C6 /* RowView.xib in Resources */,
				695BAB3D244AB50E00518DD6 /* Assets.xcassets in Resources */,
				69E531EF245A62FE00C5F2C6 /* CommRowView.xib in Resources */,
				695BAB3B244AB50B00518DD6 /* Main.storyboard in Resources */,
			);
			runOnlyForDeploymentPostprocessing = 0;
		};
/* End PBXResourcesBuildPhase section */

/* Begin PBXSourcesBuildPhase section */
		695BAB29244AB50A00518DD6 /* Sources */ = {
			isa = PBXSourcesBuildPhase;
			buildActionMask = 2147483647;
			files = (
				69E531F2245ADB5900C5F2C6 /* testViewController.m in Sources */,
				695BAB38244AB50B00518DD6 /* ViewController.m in Sources */,
				695BAB32244AB50A00518DD6 /* AppDelegate.m in Sources */,
				695BAB43244AB50E00518DD6 /* main.m in Sources */,
				69E531EE245A62FE00C5F2C6 /* CommRowView.m in Sources */,
				695BAB35244AB50A00518DD6 /* SceneDelegate.m in Sources */,
			);
			runOnlyForDeploymentPostprocessing = 0;
		};
		695BAB72244C530500518DD6 /* Sources */ = {
			isa = PBXSourcesBuildPhase;
			buildActionMask = 2147483647;
			files = (
				695BAB79244C530500518DD6 /* main.m in Sources */,
			);
			runOnlyForDeploymentPostprocessing = 0;
		};
/* End PBXSourcesBuildPhase section */

/* Begin PBXVariantGroup section */
		695BAB39244AB50B00518DD6 /* Main.storyboard */ = {
			isa = PBXVariantGroup;
			children = (
				695BAB3A244AB50B00518DD6 /* Base */,
			);
			name = Main.storyboard;
			sourceTree = "<group>";
		};
		695BAB3E244AB50E00518DD6 /* LaunchScreen.storyboard */ = {
			isa = PBXVariantGroup;
			children = (
				695BAB3F244AB50E00518DD6 /* Base */,
			);
			name = LaunchScreen.storyboard;
			sourceTree = "<group>";
		};
/* End PBXVariantGroup section */

/* Begin XCBuildConfiguration section */
		695BAB44244AB50E00518DD6 /* Debug */ = {
			isa = XCBuildConfiguration;
			buildSettings = {
				ALWAYS_SEARCH_USER_PATHS = NO;
				CLANG_ANALYZER_NONNULL = YES;
				CLANG_ANALYZER_NUMBER_OBJECT_CONVERSION = YES_AGGRESSIVE;
				CLANG_CXX_LANGUAGE_STANDARD = "gnu++14";
				CLANG_CXX_LIBRARY = "libc++";
				CLANG_ENABLE_MODULES = YES;
				CLANG_ENABLE_OBJC_ARC = YES;
				CLANG_ENABLE_OBJC_WEAK = YES;
				CLANG_WARN_BLOCK_CAPTURE_AUTORELEASING = YES;
				CLANG_WARN_BOOL_CONVERSION = YES;
				CLANG_WARN_COMMA = YES;
				CLANG_WARN_CONSTANT_CONVERSION = YES;
				CLANG_WARN_DEPRECATED_OBJC_IMPLEMENTATIONS = YES;
				CLANG_WARN_DIRECT_OBJC_ISA_USAGE = YES_ERROR;
				CLANG_WARN_DOCUMENTATION_COMMENTS = YES;
				CLANG_WARN_EMPTY_BODY = YES;
				CLANG_WARN_ENUM_CONVERSION = YES;
				CLANG_WARN_INFINITE_RECURSION = YES;
				CLANG_WARN_INT_CONVERSION = YES;
				CLANG_WARN_NON_LITERAL_NULL_CONVERSION = YES;
				CLANG_WARN_OBJC_IMPLICIT_RETAIN_SELF = YES;
				CLANG_WARN_OBJC_LITERAL_CONVERSION = YES;
				CLANG_WARN_OBJC_ROOT_CLASS = YES_ERROR;
				CLANG_WARN_RANGE_LOOP_ANALYSIS = YES;
				CLANG_WARN_STRICT_PROTOTYPES = YES;
				CLANG_WARN_SUSPICIOUS_MOVE = YES;
				CLANG_WARN_UNGUARDED_AVAILABILITY = YES_AGGRESSIVE;
				CLANG_WARN_UNREACHABLE_CODE = YES;
				CLANG_WARN__DUPLICATE_METHOD_MATCH = YES;
				COPY_PHASE_STRIP = NO;
				DEBUG_INFORMATION_FORMAT = dwarf;
				ENABLE_STRICT_OBJC_MSGSEND = YES;
				ENABLE_TESTABILITY = YES;
				GCC_C_LANGUAGE_STANDARD = gnu11;
				GCC_DYNAMIC_NO_PIC = NO;
				GCC_NO_COMMON_BLOCKS = YES;
				GCC_OPTIMIZATION_LEVEL = 0;
				GCC_PREPROCESSOR_DEFINITIONS = (
					"DEBUG=1",
					"$(inherited)",
				);
				GCC_WARN_64_TO_32_BIT_CONVERSION = YES;
				GCC_WARN_ABOUT_RETURN_TYPE = YES_ERROR;
				GCC_WARN_UNDECLARED_SELECTOR = YES;
				GCC_WARN_UNINITIALIZED_AUTOS = YES_AGGRESSIVE;
				GCC_WARN_UNUSED_FUNCTION = YES;
				GCC_WARN_UNUSED_VARIABLE = YES;
				IPHONEOS_DEPLOYMENT_TARGET = 13.4;
				MTL_ENABLE_DEBUG_INFO = INCLUDE_SOURCE;
				MTL_FAST_MATH = YES;
				ONLY_ACTIVE_ARCH = YES;
				SDKROOT = iphoneos;
			};
			name = Debug;
		};
		695BAB45244AB50E00518DD6 /* Release */ = {
			isa = XCBuildConfiguration;
			buildSettings = {
				ALWAYS_SEARCH_USER_PATHS = NO;
				CLANG_ANALYZER_NONNULL = YES;
				CLANG_ANALYZER_NUMBER_OBJECT_CONVERSION = YES_AGGRESSIVE;
				CLANG_CXX_LANGUAGE_STANDARD = "gnu++14";
				CLANG_CXX_LIBRARY = "libc++";
				CLANG_ENABLE_MODULES = YES;
				CLANG_ENABLE_OBJC_ARC = YES;
				CLANG_ENABLE_OBJC_WEAK = YES;
				CLANG_WARN_BLOCK_CAPTURE_AUTORELEASING = YES;
				CLANG_WARN_BOOL_CONVERSION = YES;
				CLANG_WARN_COMMA = YES;
				CLANG_WARN_CONSTANT_CONVERSION = YES;
				CLANG_WARN_DEPRECATED_OBJC_IMPLEMENTATIONS = YES;
				CLANG_WARN_DIRECT_OBJC_ISA_USAGE = YES_ERROR;
				CLANG_WARN_DOCUMENTATION_COMMENTS = YES;
				CLANG_WARN_EMPTY_BODY = YES;
				CLANG_WARN_ENUM_CONVERSION = YES;
				CLANG_WARN_INFINITE_RECURSION = YES;
				CLANG_WARN_INT_CONVERSION = YES;
				CLANG_WARN_NON_LITERAL_NULL_CONVERSION = YES;
				CLANG_WARN_OBJC_IMPLICIT_RETAIN_SELF = YES;
				CLANG_WARN_OBJC_LITERAL_CONVERSION = YES;
				CLANG_WARN_OBJC_ROOT_CLASS = YES_ERROR;
				CLANG_WARN_RANGE_LOOP_ANALYSIS = YES;
				CLANG_WARN_STRICT_PROTOTYPES = YES;
				CLANG_WARN_SUSPICIOUS_MOVE = YES;
				CLANG_WARN_UNGUARDED_AVAILABILITY = YES_AGGRESSIVE;
				CLANG_WARN_UNREACHABLE_CODE = YES;
				CLANG_WARN__DUPLICATE_METHOD_MATCH = YES;
				COPY_PHASE_STRIP = NO;
				DEBUG_INFORMATION_FORMAT = "dwarf-with-dsym";
				ENABLE_NS_ASSERTIONS = NO;
				ENABLE_STRICT_OBJC_MSGSEND = YES;
				GCC_C_LANGUAGE_STANDARD = gnu11;
				GCC_NO_COMMON_BLOCKS = YES;
				GCC_WARN_64_TO_32_BIT_CONVERSION = YES;
				GCC_WARN_ABOUT_RETURN_TYPE = YES_ERROR;
				GCC_WARN_UNDECLARED_SELECTOR = YES;
				GCC_WARN_UNINITIALIZED_AUTOS = YES_AGGRESSIVE;
				GCC_WARN_UNUSED_FUNCTION = YES;
				GCC_WARN_UNUSED_VARIABLE = YES;
				IPHONEOS_DEPLOYMENT_TARGET = 13.4;
				MTL_ENABLE_DEBUG_INFO = NO;
				MTL_FAST_MATH = YES;
				SDKROOT = iphoneos;
				VALIDATE_PRODUCT = YES;
			};
			name = Release;
		};
		695BAB47244AB50E00518DD6 /* Debug */ = {
			isa = XCBuildConfiguration;
			buildSettings = {
				ASSETCATALOG_COMPILER_APPICON_NAME = AppIcon;
				CODE_SIGN_STYLE = Automatic;
				INFOPLIST_FILE = "OC-Progress/Info.plist";
				LD_RUNPATH_SEARCH_PATHS = (
					"$(inherited)",
					"@executable_path/Frameworks",
				);
				PRODUCT_BUNDLE_IDENTIFIER = "OrgIdentify-01.OC-Progress";
				PRODUCT_NAME = "$(TARGET_NAME)";
				TARGETED_DEVICE_FAMILY = "1,2";
			};
			name = Debug;
		};
		695BAB48244AB50E00518DD6 /* Release */ = {
			isa = XCBuildConfiguration;
			buildSettings = {
				ASSETCATALOG_COMPILER_APPICON_NAME = AppIcon;
				CODE_SIGN_STYLE = Automatic;
				INFOPLIST_FILE = "OC-Progress/Info.plist";
				LD_RUNPATH_SEARCH_PATHS = (
					"$(inherited)",
					"@executable_path/Frameworks",
				);
				PRODUCT_BUNDLE_IDENTIFIER = "OrgIdentify-01.OC-Progress";
				PRODUCT_NAME = "$(TARGET_NAME)";
				TARGETED_DEVICE_FAMILY = "1,2";
			};
			name = Release;
		};
		695BAB7A244C530500518DD6 /* Debug */ = {
			isa = XCBuildConfiguration;
			buildSettings = {
				CODE_SIGN_STYLE = Automatic;
				MACOSX_DEPLOYMENT_TARGET = 10.15;
				PRODUCT_NAME = "$(TARGET_NAME)";
				SDKROOT = macosx;
			};
			name = Debug;
		};
		695BAB7B244C530500518DD6 /* Release */ = {
			isa = XCBuildConfiguration;
			buildSettings = {
				CODE_SIGN_STYLE = Automatic;
				MACOSX_DEPLOYMENT_TARGET = 10.15;
				PRODUCT_NAME = "$(TARGET_NAME)";
				SDKROOT = macosx;
			};
			name = Release;
		};
/* End XCBuildConfiguration section */

/* Begin XCConfigurationList section */
		695BAB28244AB50A00518DD6 /* Build configuration list for PBXProject "OC-Progress" */ = {
			isa = XCConfigurationList;
			buildConfigurations = (
				695BAB44244AB50E00518DD6 /* Debug */,
				695BAB45244AB50E00518DD6 /* Release */,
			);
			defaultConfigurationIsVisible = 0;
			defaultConfigurationName = Release;
		};
		695BAB46244AB50E00518DD6 /* Build configuration list for PBXNativeTarget "OC-Progress" */ = {
			isa = XCConfigurationList;
			buildConfigurations = (
				695BAB47244AB50E00518DD6 /* Debug */,
				695BAB48244AB50E00518DD6 /* Release */,
			);
			defaultConfigurationIsVisible = 0;
			defaultConfigurationName = Release;
		};
		695BAB7C244C530500518DD6 /* Build configuration list for PBXNativeTarget "ForTest" */ = {
			isa = XCConfigurationList;
			buildConfigurations = (
				695BAB7A244C530500518DD6 /* Debug */,
				695BAB7B244C530500518DD6 /* Release */,
			);
			defaultConfigurationIsVisible = 0;
			defaultConfigurationName = Release;
		};
/* End XCConfigurationList section */
	};
	rootObject = 695BAB25244AB50A00518DD6 /* Project object */;
}
