// !$*UTF8*$!
{
	archiveVersion = 1;
	classes = {
	};
	objectVersion = 50;
	objects = {

/* Begin PBXBuildFile section */
		69A3D39D23C07D170031184E /* AppDelegate.m in Sources */ = {isa = PBXBuildFile; fileRef = 69A3D39C23C07D170031184E /* AppDelegate.m */; };
		69A3D3A023C07D170031184E /* SceneDelegate.m in Sources */ = {isa = PBXBuildFile; fileRef = 69A3D39F23C07D170031184E /* SceneDelegate.m */; };
		69A3D3A323C07D170031184E /* MasterViewController.m in Sources */ = {isa = PBXBuildFile; fileRef = 69A3D3A223C07D170031184E /* MasterViewController.m */; };
		69A3D3A623C07D170031184E /* DetailViewController.m in Sources */ = {isa = PBXBuildFile; fileRef = 69A3D3A523C07D170031184E /* DetailViewController.m */; };
		69A3D3A923C07D170031184E /* Main.storyboard in Resources */ = {isa = PBXBuildFile; fileRef = 69A3D3A723C07D170031184E /* Main.storyboard */; };
		69A3D3AB23C07D180031184E /* Assets.xcassets in Resources */ = {isa = PBXBuildFile; fileRef = 69A3D3AA23C07D180031184E /* Assets.xcassets */; };
		69A3D3AE23C07D180031184E /* LaunchScreen.storyboard in Resources */ = {isa = PBXBuildFile; fileRef = 69A3D3AC23C07D180031184E /* LaunchScreen.storyboard */; };
		69A3D3B123C07D190031184E /* main.m in Sources */ = {isa = PBXBuildFile; fileRef = 69A3D3B023C07D190031184E /* main.m */; };
/* End PBXBuildFile section */

/* Begin PBXFileReference section */
		69A3D39823C07D170031184E /* Master-Detail_1.app */ = {isa = PBXFileReference; explicitFileType = wrapper.application; includeInIndex = 0; path = "Master-Detail_1.app"; sourceTree = BUILT_PRODUCTS_DIR; };
		69A3D39B23C07D170031184E /* AppDelegate.h */ = {isa = PBXFileReference; lastKnownFileType = sourcecode.c.h; path = AppDelegate.h; sourceTree = "<group>"; };
		69A3D39C23C07D170031184E /* AppDelegate.m */ = {isa = PBXFileReference; lastKnownFileType = sourcecode.c.objc; path = AppDelegate.m; sourceTree = "<group>"; };
		69A3D39E23C07D170031184E /* SceneDelegate.h */ = {isa = PBXFileReference; lastKnownFileType = sourcecode.c.h; path = SceneDelegate.h; sourceTree = "<group>"; };
		69A3D39F23C07D170031184E /* SceneDelegate.m */ = {isa = PBXFileReference; lastKnownFileType = sourcecode.c.objc; path = SceneDelegate.m; sourceTree = "<group>"; };
		69A3D3A123C07D170031184E /* MasterViewController.h */ = {isa = PBXFileReference; lastKnownFileType = sourcecode.c.h; path = MasterViewController.h; sourceTree = "<group>"; };
		69A3D3A223C07D170031184E /* MasterViewController.m */ = {isa = PBXFileReference; lastKnownFileType = sourcecode.c.objc; path = MasterViewController.m; sourceTree = "<group>"; };
		69A3D3A423C07D170031184E /* DetailViewController.h */ = {isa = PBXFileReference; lastKnownFileType = sourcecode.c.h; path = DetailViewController.h; sourceTree = "<group>"; };
		69A3D3A523C07D170031184E /* DetailViewController.m */ = {isa = PBXFileReference; lastKnownFileType = sourcecode.c.objc; path = DetailViewController.m; sourceTree = "<group>"; };
		69A3D3A823C07D170031184E /* Base */ = {isa = PBXFileReference; lastKnownFileType = file.storyboard; name = Base; path = Base.lproj/Main.storyboard; sourceTree = "<group>"; };
		69A3D3AA23C07D180031184E /* Assets.xcassets */ = {isa = PBXFileReference; lastKnownFileType = folder.assetcatalog; path = Assets.xcassets; sourceTree = "<group>"; };
		69A3D3AD23C07D180031184E /* Base */ = {isa = PBXFileReference; lastKnownFileType = file.storyboard; name = Base; path = Base.lproj/LaunchScreen.storyboard; sourceTree = "<group>"; };
		69A3D3AF23C07D190031184E /* Info.plist */ = {isa = PBXFileReference; lastKnownFileType = text.plist.xml; path = Info.plist; sourceTree = "<group>"; };
		69A3D3B023C07D190031184E /* main.m */ = {isa = PBXFileReference; lastKnownFileType = sourcecode.c.objc; path = main.m; sourceTree = "<group>"; };
/* End PBXFileReference section */

/* Begin PBXFrameworksBuildPhase section */
		69A3D39523C07D170031184E /* Frameworks */ = {
			isa = PBXFrameworksBuildPhase;
			buildActionMask = 2147483647;
			files = (
			);
			runOnlyForDeploymentPostprocessing = 0;
		};
/* End PBXFrameworksBuildPhase section */

/* Begin PBXGroup section */
		69A3D38F23C07D170031184E = {
			isa = PBXGroup;
			children = (
				69A3D39A23C07D170031184E /* Master-Detail_1 */,
				69A3D39923C07D170031184E /* Products */,
			);
			sourceTree = "<group>";
		};
		69A3D39923C07D170031184E /* Products */ = {
			isa = PBXGroup;
			children = (
				69A3D39823C07D170031184E /* Master-Detail_1.app */,
			);
			name = Products;
			sourceTree = "<group>";
		};
		69A3D39A23C07D170031184E /* Master-Detail_1 */ = {
			isa = PBXGroup;
			children = (
				69A3D39B23C07D170031184E /* AppDelegate.h */,
				69A3D39C23C07D170031184E /* AppDelegate.m */,
				69A3D39E23C07D170031184E /* SceneDelegate.h */,
				69A3D39F23C07D170031184E /* SceneDelegate.m */,
				69A3D3A123C07D170031184E /* MasterViewController.h */,
				69A3D3A223C07D170031184E /* MasterViewController.m */,
				69A3D3A423C07D170031184E /* DetailViewController.h */,
				69A3D3A523C07D170031184E /* DetailViewController.m */,
				69A3D3A723C07D170031184E /* Main.storyboard */,
				69A3D3AA23C07D180031184E /* Assets.xcassets */,
				69A3D3AC23C07D180031184E /* LaunchScreen.storyboard */,
				69A3D3AF23C07D190031184E /* Info.plist */,
				69A3D3B023C07D190031184E /* main.m */,
			);
			path = "Master-Detail_1";
			sourceTree = "<group>";
		};
/* End PBXGroup section */

/* Begin PBXNativeTarget section */
		69A3D39723C07D170031184E /* Master-Detail_1 */ = {
			isa = PBXNativeTarget;
			buildConfigurationList = 69A3D3B423C07D190031184E /* Build configuration list for PBXNativeTarget "Master-Detail_1" */;
			buildPhases = (
				69A3D39423C07D170031184E /* Sources */,
				69A3D39523C07D170031184E /* Frameworks */,
				69A3D39623C07D170031184E /* Resources */,
			);
			buildRules = (
			);
			dependencies = (
			);
			name = "Master-Detail_1";
			productName = "Master-Detail_1";
			productReference = 69A3D39823C07D170031184E /* Master-Detail_1.app */;
			productType = "com.apple.product-type.application";
		};
/* End PBXNativeTarget section */

/* Begin PBXProject section */
		69A3D39023C07D170031184E /* Project object */ = {
			isa = PBXProject;
			attributes = {
				LastUpgradeCheck = 1130;
				ORGANIZATIONNAME = "Z CM";
				TargetAttributes = {
					69A3D39723C07D170031184E = {
						CreatedOnToolsVersion = 11.3;
					};
				};
			};
			buildConfigurationList = 69A3D39323C07D170031184E /* Build configuration list for PBXProject "Master-Detail_1" */;
			compatibilityVersion = "Xcode 9.3";
			developmentRegion = en;
			hasScannedForEncodings = 0;
			knownRegions = (
				en,
				Base,
			);
			mainGroup = 69A3D38F23C07D170031184E;
			productRefGroup = 69A3D39923C07D170031184E /* Products */;
			projectDirPath = "";
			projectRoot = "";
			targets = (
				69A3D39723C07D170031184E /* Master-Detail_1 */,
			);
		};
/* End PBXProject section */

/* Begin PBXResourcesBuildPhase section */
		69A3D39623C07D170031184E /* Resources */ = {
			isa = PBXResourcesBuildPhase;
			buildActionMask = 2147483647;
			files = (
				69A3D3AE23C07D180031184E /* LaunchScreen.storyboard in Resources */,
				69A3D3AB23C07D180031184E /* Assets.xcassets in Resources */,
				69A3D3A923C07D170031184E /* Main.storyboard in Resources */,
			);
			runOnlyForDeploymentPostprocessing = 0;
		};
/* End PBXResourcesBuildPhase section */

/* Begin PBXSourcesBuildPhase section */
		69A3D39423C07D170031184E /* Sources */ = {
			isa = PBXSourcesBuildPhase;
			buildActionMask = 2147483647;
			files = (
				69A3D3B123C07D190031184E /* main.m in Sources */,
				69A3D39D23C07D170031184E /* AppDelegate.m in Sources */,
				69A3D3A323C07D170031184E /* MasterViewController.m in Sources */,
				69A3D3A023C07D170031184E /* SceneDelegate.m in Sources */,
				69A3D3A623C07D170031184E /* DetailViewController.m in Sources */,
			);
			runOnlyForDeploymentPostprocessing = 0;
		};
/* End PBXSourcesBuildPhase section */

/* Begin PBXVariantGroup section */
		69A3D3A723C07D170031184E /* Main.storyboard */ = {
			isa = PBXVariantGroup;
			children = (
				69A3D3A823C07D170031184E /* Base */,
			);
			name = Main.storyboard;
			sourceTree = "<group>";
		};
		69A3D3AC23C07D180031184E /* LaunchScreen.storyboard */ = {
			isa = PBXVariantGroup;
			children = (
				69A3D3AD23C07D180031184E /* Base */,
			);
			name = LaunchScreen.storyboard;
			sourceTree = "<group>";
		};
/* End PBXVariantGroup section */

/* Begin XCBuildConfiguration section */
		69A3D3B223C07D190031184E /* Debug */ = {
			isa = XCBuildConfiguration;
			buildSettings = {
				ALWAYS_SEARCH_USER_PATHS = NO;
				CLANG_ANALYZER_NONNULL = YES;
				CLANG_ANALYZER_NUMBER_OBJECT_CONVERSION = YES_AGGRESSIVE;
				CLANG_CXX_LANGUAGE_STANDARD = "gnu++14";
				CLANG_CXX_LIBRARY = "libc++";
				CLANG_ENABLE_MODULES = YES;
				CLANG_ENABLE_OBJC_ARC = YES;
				CLANG_ENABLE_OBJC_WEAK = YES;
				CLANG_WARN_BLOCK_CAPTURE_AUTORELEASING = YES;
				CLANG_WARN_BOOL_CONVERSION = YES;
				CLANG_WARN_COMMA = YES;
				CLANG_WARN_CONSTANT_CONVERSION = YES;
				CLANG_WARN_DEPRECATED_OBJC_IMPLEMENTATIONS = YES;
				CLANG_WARN_DIRECT_OBJC_ISA_USAGE = YES_ERROR;
				CLANG_WARN_DOCUMENTATION_COMMENTS = YES;
				CLANG_WARN_EMPTY_BODY = YES;
				CLANG_WARN_ENUM_CONVERSION = YES;
				CLANG_WARN_INFINITE_RECURSION = YES;
				CLANG_WARN_INT_CONVERSION = YES;
				CLANG_WARN_NON_LITERAL_NULL_CONVERSION = YES;
				CLANG_WARN_OBJC_IMPLICIT_RETAIN_SELF = YES;
				CLANG_WARN_OBJC_LITERAL_CONVERSION = YES;
				CLANG_WARN_OBJC_ROOT_CLASS = YES_ERROR;
				CLANG_WARN_RANGE_LOOP_ANALYSIS = YES;
				CLANG_WARN_STRICT_PROTOTYPES = YES;
				CLANG_WARN_SUSPICIOUS_MOVE = YES;
				CLANG_WARN_UNGUARDED_AVAILABILITY = YES_AGGRESSIVE;
				CLANG_WARN_UNREACHABLE_CODE = YES;
				CLANG_WARN__DUPLICATE_METHOD_MATCH = YES;
				COPY_PHASE_STRIP = NO;
				DEBUG_INFORMATION_FORMAT = dwarf;
				ENABLE_STRICT_OBJC_MSGSEND = YES;
				ENABLE_TESTABILITY = YES;
				GCC_C_LANGUAGE_STANDARD = gnu11;
				GCC_DYNAMIC_NO_PIC = NO;
				GCC_NO_COMMON_BLOCKS = YES;
				GCC_OPTIMIZATION_LEVEL = 0;
				GCC_PREPROCESSOR_DEFINITIONS = (
					"DEBUG=1",
					"$(inherited)",
				);
				GCC_WARN_64_TO_32_BIT_CONVERSION = YES;
				GCC_WARN_ABOUT_RETURN_TYPE = YES_ERROR;
				GCC_WARN_UNDECLARED_SELECTOR = YES;
				GCC_WARN_UNINITIALIZED_AUTOS = YES_AGGRESSIVE;
				GCC_WARN_UNUSED_FUNCTION = YES;
				GCC_WARN_UNUSED_VARIABLE = YES;
				IPHONEOS_DEPLOYMENT_TARGET = 13.2;
				MTL_ENABLE_DEBUG_INFO = INCLUDE_SOURCE;
				MTL_FAST_MATH = YES;
				ONLY_ACTIVE_ARCH = YES;
				SDKROOT = iphoneos;
			};
			name = Debug;
		};
		69A3D3B323C07D190031184E /* Release */ = {
			isa = XCBuildConfiguration;
			buildSettings = {
				ALWAYS_SEARCH_USER_PATHS = NO;
				CLANG_ANALYZER_NONNULL = YES;
				CLANG_ANALYZER_NUMBER_OBJECT_CONVERSION = YES_AGGRESSIVE;
				CLANG_CXX_LANGUAGE_STANDARD = "gnu++14";
				CLANG_CXX_LIBRARY = "libc++";
				CLANG_ENABLE_MODULES = YES;
				CLANG_ENABLE_OBJC_ARC = YES;
				CLANG_ENABLE_OBJC_WEAK = YES;
				CLANG_WARN_BLOCK_CAPTURE_AUTORELEASING = YES;
				CLANG_WARN_BOOL_CONVERSION = YES;
				CLANG_WARN_COMMA = YES;
				CLANG_WARN_CONSTANT_CONVERSION = YES;
				CLANG_WARN_DEPRECATED_OBJC_IMPLEMENTATIONS = YES;
				CLANG_WARN_DIRECT_OBJC_ISA_USAGE = YES_ERROR;
				CLANG_WARN_DOCUMENTATION_COMMENTS = YES;
				CLANG_WARN_EMPTY_BODY = YES;
				CLANG_WARN_ENUM_CONVERSION = YES;
				CLANG_WARN_INFINITE_RECURSION = YES;
				CLANG_WARN_INT_CONVERSION = YES;
				CLANG_WARN_NON_LITERAL_NULL_CONVERSION = YES;
				CLANG_WARN_OBJC_IMPLICIT_RETAIN_SELF = YES;
				CLANG_WARN_OBJC_LITERAL_CONVERSION = YES;
				CLANG_WARN_OBJC_ROOT_CLASS = YES_ERROR;
				CLANG_WARN_RANGE_LOOP_ANALYSIS = YES;
				CLANG_WARN_STRICT_PROTOTYPES = YES;
				CLANG_WARN_SUSPICIOUS_MOVE = YES;
				CLANG_WARN_UNGUARDED_AVAILABILITY = YES_AGGRESSIVE;
				CLANG_WARN_UNREACHABLE_CODE = YES;
				CLANG_WARN__DUPLICATE_METHOD_MATCH = YES;
				COPY_PHASE_STRIP = NO;
				DEBUG_INFORMATION_FORMAT = "dwarf-with-dsym";
				ENABLE_NS_ASSERTIONS = NO;
				ENABLE_STRICT_OBJC_MSGSEND = YES;
				GCC_C_LANGUAGE_STANDARD = gnu11;
				GCC_NO_COMMON_BLOCKS = YES;
				GCC_WARN_64_TO_32_BIT_CONVERSION = YES;
				GCC_WARN_ABOUT_RETURN_TYPE = YES_ERROR;
				GCC_WARN_UNDECLARED_SELECTOR = YES;
				GCC_WARN_UNINITIALIZED_AUTOS = YES_AGGRESSIVE;
				GCC_WARN_UNUSED_FUNCTION = YES;
				GCC_WARN_UNUSED_VARIABLE = YES;
				IPHONEOS_DEPLOYMENT_TARGET = 13.2;
				MTL_ENABLE_DEBUG_INFO = NO;
				MTL_FAST_MATH = YES;
				SDKROOT = iphoneos;
				VALIDATE_PRODUCT = YES;
			};
			name = Release;
		};
		69A3D3B523C07D190031184E /* Debug */ = {
			isa = XCBuildConfiguration;
			buildSettings = {
				ASSETCATALOG_COMPILER_APPICON_NAME = AppIcon;
				CODE_SIGN_STYLE = Automatic;
				INFOPLIST_FILE = "Master-Detail_1/Info.plist";
				LD_RUNPATH_SEARCH_PATHS = (
					"$(inherited)",
					"@executable_path/Frameworks",
				);
				PRODUCT_BUNDLE_IDENTIFIER = "OrgIdentify-01.Master-Detail-1";
				PRODUCT_NAME = "$(TARGET_NAME)";
				TARGETED_DEVICE_FAMILY = 1;
			};
			name = Debug;
		};
		69A3D3B623C07D190031184E /* Release */ = {
			isa = XCBuildConfiguration;
			buildSettings = {
				ASSETCATALOG_COMPILER_APPICON_NAME = AppIcon;
				CODE_SIGN_STYLE = Automatic;
				INFOPLIST_FILE = "Master-Detail_1/Info.plist";
				LD_RUNPATH_SEARCH_PATHS = (
					"$(inherited)",
					"@executable_path/Frameworks",
				);
				PRODUCT_BUNDLE_IDENTIFIER = "OrgIdentify-01.Master-Detail-1";
				PRODUCT_NAME = "$(TARGET_NAME)";
				TARGETED_DEVICE_FAMILY = 1;
			};
			name = Release;
		};
/* End XCBuildConfiguration section */

/* Begin XCConfigurationList section */
		69A3D39323C07D170031184E /* Build configuration list for PBXProject "Master-Detail_1" */ = {
			isa = XCConfigurationList;
			buildConfigurations = (
				69A3D3B223C07D190031184E /* Debug */,
				69A3D3B323C07D190031184E /* Release */,
			);
			defaultConfigurationIsVisible = 0;
			defaultConfigurationName = Release;
		};
		69A3D3B423C07D190031184E /* Build configuration list for PBXNativeTarget "Master-Detail_1" */ = {
			isa = XCConfigurationList;
			buildConfigurations = (
				69A3D3B523C07D190031184E /* Debug */,
				69A3D3B623C07D190031184E /* Release */,
			);
			defaultConfigurationIsVisible = 0;
			defaultConfigurationName = Release;
		};
/* End XCConfigurationList section */
	};
	rootObject = 69A3D39023C07D170031184E /* Project object */;
}
